
Microsoft Visual Studio Solution File, Format Version 12.00
# Visual Studio Version 16
VisualStudioVersion = 16.0.29709.97
MinimumVisualStudioVersion = 10.0.40219.1
Project("{FAE04EC0-301F-11D3-BF4B-00C04F79EFBC}") = "ProyectoFinal_EstDatos", "ProyectoFinal_EstDatos.csproj", "{79A2AF7E-CB59-4F7D-8167-DC64E5E686B6}"
EndProject
Project("{FAE04EC0-301F-11D3-BF4B-00C04F79EFBC}") = "GenericosLibreria", "GenericosLibreria\GenericosLibreria.csproj", "{8C1AE5D4-7072-4537-9C34-E4D16CB5D026}"
EndProject
Global
	GlobalSection(SolutionConfigurationPlatforms) = preSolution
		Debug|Any CPU = Debug|Any CPU
		Release|Any CPU = Release|Any CPU
	EndGlobalSection
	GlobalSection(ProjectConfigurationPlatforms) = postSolution
		{79A2AF7E-CB59-4F7D-8167-DC64E5E686B6}.Debug|Any CPU.ActiveCfg = Debug|Any CPU
		{79A2AF7E-CB59-4F7D-8167-DC64E5E686B6}.Debug|Any CPU.Build.0 = Debug|Any CPU
		{79A2AF7E-CB59-4F7D-8167-DC64E5E686B6}.Release|Any CPU.ActiveCfg = Release|Any CPU
		{79A2AF7E-CB59-4F7D-8167-DC64E5E686B6}.Release|Any CPU.Build.0 = Release|Any CPU
		{8C1AE5D4-7072-4537-9C34-E4D16CB5D026}.Debug|Any CPU.ActiveCfg = Debug|Any CPU
		{8C1AE5D4-7072-4537-9C34-E4D16CB5D026}.Debug|Any CPU.Build.0 = Debug|Any CPU
		{8C1AE5D4-7072-4537-9C34-E4D16CB5D026}.Release|Any CPU.ActiveCfg = Release|Any CPU
		{8C1AE5D4-7072-4537-9C34-E4D16CB5D026}.Release|Any CPU.Build.0 = Release|Any CPU
	EndGlobalSection
	GlobalSection(SolutionProperties) = preSolution
		HideSolutionNode = FALSE
	EndGlobalSection
	GlobalSection(ExtensibilityGlobals) = postSolution
		SolutionGuid = {7A6FC7E0-F3D0-47FE-8249-C595ADA695A3}
	EndGlobalSection
EndGlobal
